
Microsoft Visual Studio Solution File, Format Version 12.00
# Visual Studio 15
VisualStudioVersion = 15.0.28307.902
MinimumVisualStudioVersion = 10.0.40219.1
Project("{FAE04EC0-301F-11D3-BF4B-00C04F79EFBC}") = "BlogEngine", "BlogEngine\BlogEngine.csproj", "{BEBE36C9-EC5E-4E90-BD99-FCB46AAA5CAC}"
EndProject
Global
	GlobalSection(SolutionConfigurationPlatforms) = preSolution
		Debug|Any CPU = Debug|Any CPU
		Release|Any CPU = Release|Any CPU
	EndGlobalSection
	GlobalSection(ProjectConfigurationPlatforms) = postSolution
		{BEBE36C9-EC5E-4E90-BD99-FCB46AAA5CAC}.Debug|Any CPU.ActiveCfg = Debug|Any CPU
		{BEBE36C9-EC5E-4E90-BD99-FCB46AAA5CAC}.Debug|Any CPU.Build.0 = Debug|Any CPU
		{BEBE36C9-EC5E-4E90-BD99-FCB46AAA5CAC}.Release|Any CPU.ActiveCfg = Release|Any CPU
		{BEBE36C9-EC5E-4E90-BD99-FCB46AAA5CAC}.Release|Any CPU.Build.0 = Release|Any CPU
	EndGlobalSection
	GlobalSection(SolutionProperties) = preSolution
		HideSolutionNode = FALSE
	EndGlobalSection
	GlobalSection(ExtensibilityGlobals) = postSolution
		SolutionGuid = {1831BCED-A33F-4D9A-B14D-7BB644A2AB35}
	EndGlobalSection
EndGlobal
